
Microsoft Visual Studio Solution File, Format Version 12.00
# Visual Studio Version 17
VisualStudioVersion = 17.2.32630.192
MinimumVisualStudioVersion = 10.0.40219.1
Project("{FAE04EC0-301F-11D3-BF4B-00C04F79EFBC}") = "LogicalProgramming", "LogicalProgramming.csproj", "{94AF829D-FAEB-4441-B8AF-F876991677EE}"
EndProject
Global
	GlobalSection(SolutionConfigurationPlatforms) = preSolution
		Debug|Any CPU = Debug|Any CPU
		Release|Any CPU = Release|Any CPU
	EndGlobalSection
	GlobalSection(ProjectConfigurationPlatforms) = postSolution
		{94AF829D-FAEB-4441-B8AF-F876991677EE}.Debug|Any CPU.ActiveCfg = Debug|Any CPU
		{94AF829D-FAEB-4441-B8AF-F876991677EE}.Debug|Any CPU.Build.0 = Debug|Any CPU
		{94AF829D-FAEB-4441-B8AF-F876991677EE}.Release|Any CPU.ActiveCfg = Release|Any CPU
		{94AF829D-FAEB-4441-B8AF-F876991677EE}.Release|Any CPU.Build.0 = Release|Any CPU
	EndGlobalSection
	GlobalSection(SolutionProperties) = preSolution
		HideSolutionNode = FALSE
	EndGlobalSection
	GlobalSection(ExtensibilityGlobals) = postSolution
		SolutionGuid = {6F8A37B1-9F24-4A2C-ABA5-69B7FA33ED6F}
	EndGlobalSection
EndGlobal
